// !$*UTF8*$!
{
	archiveVersion = 1;
	classes = {
	};
	objectVersion = 55;
	objects = {

/* Begin PBXBuildFile section */
		6C377B1A2703BC4200C02F34 /* RecipeeApp.swift in Sources */ = {isa = PBXBuildFile; fileRef = 6C377B192703BC4200C02F34 /* RecipeeApp.swift */; };
		6C377B1C2703BC4200C02F34 /* ContentView.swift in Sources */ = {isa = PBXBuildFile; fileRef = 6C377B1B2703BC4200C02F34 /* ContentView.swift */; };
		6C377B1E2703BC4200C02F34 /* Assets.xcassets in Resources */ = {isa = PBXBuildFile; fileRef = 6C377B1D2703BC4200C02F34 /* Assets.xcassets */; };
		6C377B212703BC4200C02F34 /* Preview Assets.xcassets in Resources */ = {isa = PBXBuildFile; fileRef = 6C377B202703BC4200C02F34 /* Preview Assets.xcassets */; };
		6C377B232703BC4200C02F34 /* Persistence.swift in Sources */ = {isa = PBXBuildFile; fileRef = 6C377B222703BC4200C02F34 /* Persistence.swift */; };
		6C377B262703BC4200C02F34 /* Recipee.xcdatamodeld in Sources */ = {isa = PBXBuildFile; fileRef = 6C377B242703BC4200C02F34 /* Recipee.xcdatamodeld */; };
		6C377B302703BC4300C02F34 /* RecipeeTests.swift in Sources */ = {isa = PBXBuildFile; fileRef = 6C377B2F2703BC4300C02F34 /* RecipeeTests.swift */; };
		6C377B3A2703BC4300C02F34 /* RecipeeUITests.swift in Sources */ = {isa = PBXBuildFile; fileRef = 6C377B392703BC4300C02F34 /* RecipeeUITests.swift */; };
		6C377B3C2703BC4300C02F34 /* RecipeeUITestsLaunchTests.swift in Sources */ = {isa = PBXBuildFile; fileRef = 6C377B3B2703BC4300C02F34 /* RecipeeUITestsLaunchTests.swift */; };
		6C377B492703C16000C02F34 /* RecipeCell.swift in Sources */ = {isa = PBXBuildFile; fileRef = 6C377B482703C16000C02F34 /* RecipeCell.swift */; };
		6C377B4D2703C2E000C02F34 /* Recipe+Image.swift in Sources */ = {isa = PBXBuildFile; fileRef = 6C377B4C2703C2E000C02F34 /* Recipe+Image.swift */; };
		6C377B4F2703C7A900C02F34 /* VisualEffectView.swift in Sources */ = {isa = PBXBuildFile; fileRef = 6C377B4E2703C7A900C02F34 /* VisualEffectView.swift */; };
		6C5FDD5C27041B15003D8222 /* RoundedCorner.swift in Sources */ = {isa = PBXBuildFile; fileRef = 6C5FDD5B27041B15003D8222 /* RoundedCorner.swift */; };
		6C5FDD5E27041FBD003D8222 /* RecipeDetail.swift in Sources */ = {isa = PBXBuildFile; fileRef = 6C5FDD5D27041FBD003D8222 /* RecipeDetail.swift */; };
		6C5FDD61270424ED003D8222 /* AddRecipe.swift in Sources */ = {isa = PBXBuildFile; fileRef = 6C5FDD60270424ED003D8222 /* AddRecipe.swift */; };
		6C63AC98270C954F00180458 /* Binding + Optional.swift in Sources */ = {isa = PBXBuildFile; fileRef = 6C63AC97270C954F00180458 /* Binding + Optional.swift */; };
/* End PBXBuildFile section */

/* Begin PBXContainerItemProxy section */
		6C377B2C2703BC4300C02F34 /* PBXContainerItemProxy */ = {
			isa = PBXContainerItemProxy;
			containerPortal = 6C377B0E2703BC4200C02F34 /* Project object */;
			proxyType = 1;
			remoteGlobalIDString = 6C377B152703BC4200C02F34;
			remoteInfo = Recipee;
		};
		6C377B362703BC4300C02F34 /* PBXContainerItemProxy */ = {
			isa = PBXContainerItemProxy;
			containerPortal = 6C377B0E2703BC4200C02F34 /* Project object */;
			proxyType = 1;
			remoteGlobalIDString = 6C377B152703BC4200C02F34;
			remoteInfo = Recipee;
		};
/* End PBXContainerItemProxy section */

/* Begin PBXFileReference section */
		6C377B162703BC4200C02F34 /* Recipee.app */ = {isa = PBXFileReference; explicitFileType = wrapper.application; includeInIndex = 0; path = Recipee.app; sourceTree = BUILT_PRODUCTS_DIR; };
		6C377B192703BC4200C02F34 /* RecipeeApp.swift */ = {isa = PBXFileReference; lastKnownFileType = sourcecode.swift; path = RecipeeApp.swift; sourceTree = "<group>"; };
		6C377B1B2703BC4200C02F34 /* ContentView.swift */ = {isa = PBXFileReference; lastKnownFileType = sourcecode.swift; path = ContentView.swift; sourceTree = "<group>"; };
		6C377B1D2703BC4200C02F34 /* Assets.xcassets */ = {isa = PBXFileReference; lastKnownFileType = folder.assetcatalog; path = Assets.xcassets; sourceTree = "<group>"; };
		6C377B202703BC4200C02F34 /* Preview Assets.xcassets */ = {isa = PBXFileReference; lastKnownFileType = folder.assetcatalog; path = "Preview Assets.xcassets"; sourceTree = "<group>"; };
		6C377B222703BC4200C02F34 /* Persistence.swift */ = {isa = PBXFileReference; lastKnownFileType = sourcecode.swift; path = Persistence.swift; sourceTree = "<group>"; };
		6C377B252703BC4200C02F34 /* Recipee.xcdatamodel */ = {isa = PBXFileReference; lastKnownFileType = wrapper.xcdatamodel; path = Recipee.xcdatamodel; sourceTree = "<group>"; };
		6C377B2B2703BC4300C02F34 /* RecipeeTests.xctest */ = {isa = PBXFileReference; explicitFileType = wrapper.cfbundle; includeInIndex = 0; path = RecipeeTests.xctest; sourceTree = BUILT_PRODUCTS_DIR; };
		6C377B2F2703BC4300C02F34 /* RecipeeTests.swift */ = {isa = PBXFileReference; lastKnownFileType = sourcecode.swift; path = RecipeeTests.swift; sourceTree = "<group>"; };
		6C377B352703BC4300C02F34 /* RecipeeUITests.xctest */ = {isa = PBXFileReference; explicitFileType = wrapper.cfbundle; includeInIndex = 0; path = RecipeeUITests.xctest; sourceTree = BUILT_PRODUCTS_DIR; };
		6C377B392703BC4300C02F34 /* RecipeeUITests.swift */ = {isa = PBXFileReference; lastKnownFileType = sourcecode.swift; path = RecipeeUITests.swift; sourceTree = "<group>"; };
		6C377B3B2703BC4300C02F34 /* RecipeeUITestsLaunchTests.swift */ = {isa = PBXFileReference; lastKnownFileType = sourcecode.swift; path = RecipeeUITestsLaunchTests.swift; sourceTree = "<group>"; };
		6C377B482703C16000C02F34 /* RecipeCell.swift */ = {isa = PBXFileReference; lastKnownFileType = sourcecode.swift; path = RecipeCell.swift; sourceTree = "<group>"; };
		6C377B4C2703C2E000C02F34 /* Recipe+Image.swift */ = {isa = PBXFileReference; lastKnownFileType = sourcecode.swift; path = "Recipe+Image.swift"; sourceTree = "<group>"; };
		6C377B4E2703C7A900C02F34 /* VisualEffectView.swift */ = {isa = PBXFileReference; lastKnownFileType = sourcecode.swift; path = VisualEffectView.swift; sourceTree = "<group>"; };
		6C5FDD5B27041B15003D8222 /* RoundedCorner.swift */ = {isa = PBXFileReference; lastKnownFileType = sourcecode.swift; path = RoundedCorner.swift; sourceTree = "<group>"; };
		6C5FDD5D27041FBD003D8222 /* RecipeDetail.swift */ = {isa = PBXFileReference; lastKnownFileType = sourcecode.swift; path = RecipeDetail.swift; sourceTree = "<group>"; };
		6C5FDD60270424ED003D8222 /* AddRecipe.swift */ = {isa = PBXFileReference; lastKnownFileType = sourcecode.swift; path = AddRecipe.swift; sourceTree = "<group>"; };
		6C63AC97270C954F00180458 /* Binding + Optional.swift */ = {isa = PBXFileReference; lastKnownFileType = sourcecode.swift; path = "Binding + Optional.swift"; sourceTree = "<group>"; };
/* End PBXFileReference section */

/* Begin PBXFrameworksBuildPhase section */
		6C377B132703BC4200C02F34 /* Frameworks */ = {
			isa = PBXFrameworksBuildPhase;
			buildActionMask = 2147483647;
			files = (
			);
			runOnlyForDeploymentPostprocessing = 0;
		};
		6C377B282703BC4300C02F34 /* Frameworks */ = {
			isa = PBXFrameworksBuildPhase;
			buildActionMask = 2147483647;
			files = (
			);
			runOnlyForDeploymentPostprocessing = 0;
		};
		6C377B322703BC4300C02F34 /* Frameworks */ = {
			isa = PBXFrameworksBuildPhase;
			buildActionMask = 2147483647;
			files = (
			);
			runOnlyForDeploymentPostprocessing = 0;
		};
/* End PBXFrameworksBuildPhase section */

/* Begin PBXGroup section */
		6C377B0D2703BC4200C02F34 = {
			isa = PBXGroup;
			children = (
				6C377B182703BC4200C02F34 /* Recipee */,
				6C377B2E2703BC4300C02F34 /* RecipeeTests */,
				6C377B382703BC4300C02F34 /* RecipeeUITests */,
				6C377B172703BC4200C02F34 /* Products */,
			);
			sourceTree = "<group>";
		};
		6C377B172703BC4200C02F34 /* Products */ = {
			isa = PBXGroup;
			children = (
				6C377B162703BC4200C02F34 /* Recipee.app */,
				6C377B2B2703BC4300C02F34 /* RecipeeTests.xctest */,
				6C377B352703BC4300C02F34 /* RecipeeUITests.xctest */,
			);
			name = Products;
			sourceTree = "<group>";
		};
		6C377B182703BC4200C02F34 /* Recipee */ = {
			isa = PBXGroup;
			children = (
				6C377B192703BC4200C02F34 /* RecipeeApp.swift */,
				6C377B4A2703C29200C02F34 /* Views */,
				6C377B1D2703BC4200C02F34 /* Assets.xcassets */,
				6C377B4B2703C2D900C02F34 /* Model */,
				6C63AC96270C954300180458 /* Extensions */,
				6C377B1F2703BC4200C02F34 /* Preview Content */,
			);
			path = Recipee;
			sourceTree = "<group>";
		};
		6C377B1F2703BC4200C02F34 /* Preview Content */ = {
			isa = PBXGroup;
			children = (
				6C377B202703BC4200C02F34 /* Preview Assets.xcassets */,
			);
			path = "Preview Content";
			sourceTree = "<group>";
		};
		6C377B2E2703BC4300C02F34 /* RecipeeTests */ = {
			isa = PBXGroup;
			children = (
				6C377B2F2703BC4300C02F34 /* RecipeeTests.swift */,
			);
			path = RecipeeTests;
			sourceTree = "<group>";
		};
		6C377B382703BC4300C02F34 /* RecipeeUITests */ = {
			isa = PBXGroup;
			children = (
				6C377B392703BC4300C02F34 /* RecipeeUITests.swift */,
				6C377B3B2703BC4300C02F34 /* RecipeeUITestsLaunchTests.swift */,
			);
			path = RecipeeUITests;
			sourceTree = "<group>";
		};
		6C377B4A2703C29200C02F34 /* Views */ = {
			isa = PBXGroup;
			children = (
				6C377B1B2703BC4200C02F34 /* ContentView.swift */,
				6C377B482703C16000C02F34 /* RecipeCell.swift */,
				6C5FDD5D27041FBD003D8222 /* RecipeDetail.swift */,
				6C5FDD60270424ED003D8222 /* AddRecipe.swift */,
				6C5FDD5F270424B7003D8222 /* HelperViews */,
			);
			path = Views;
			sourceTree = "<group>";
		};
		6C377B4B2703C2D900C02F34 /* Model */ = {
			isa = PBXGroup;
			children = (
				6C377B222703BC4200C02F34 /* Persistence.swift */,
				6C377B242703BC4200C02F34 /* Recipee.xcdatamodeld */,
				6C377B4C2703C2E000C02F34 /* Recipe+Image.swift */,
			);
			path = Model;
			sourceTree = "<group>";
		};
		6C5FDD5F270424B7003D8222 /* HelperViews */ = {
			isa = PBXGroup;
			children = (
				6C377B4E2703C7A900C02F34 /* VisualEffectView.swift */,
				6C5FDD5B27041B15003D8222 /* RoundedCorner.swift */,
			);
			path = HelperViews;
			sourceTree = "<group>";
		};
		6C63AC96270C954300180458 /* Extensions */ = {
			isa = PBXGroup;
			children = (
				6C63AC97270C954F00180458 /* Binding + Optional.swift */,
			);
			path = Extensions;
			sourceTree = "<group>";
		};
/* End PBXGroup section */

/* Begin PBXNativeTarget section */
		6C377B152703BC4200C02F34 /* Recipee */ = {
			isa = PBXNativeTarget;
			buildConfigurationList = 6C377B3F2703BC4300C02F34 /* Build configuration list for PBXNativeTarget "Recipee" */;
			buildPhases = (
				6C377B122703BC4200C02F34 /* Sources */,
				6C377B132703BC4200C02F34 /* Frameworks */,
				6C377B142703BC4200C02F34 /* Resources */,
			);
			buildRules = (
			);
			dependencies = (
			);
			name = Recipee;
			productName = Recipee;
			productReference = 6C377B162703BC4200C02F34 /* Recipee.app */;
			productType = "com.apple.product-type.application";
		};
		6C377B2A2703BC4300C02F34 /* RecipeeTests */ = {
			isa = PBXNativeTarget;
			buildConfigurationList = 6C377B422703BC4300C02F34 /* Build configuration list for PBXNativeTarget "RecipeeTests" */;
			buildPhases = (
				6C377B272703BC4300C02F34 /* Sources */,
				6C377B282703BC4300C02F34 /* Frameworks */,
				6C377B292703BC4300C02F34 /* Resources */,
			);
			buildRules = (
			);
			dependencies = (
				6C377B2D2703BC4300C02F34 /* PBXTargetDependency */,
			);
			name = RecipeeTests;
			productName = RecipeeTests;
			productReference = 6C377B2B2703BC4300C02F34 /* RecipeeTests.xctest */;
			productType = "com.apple.product-type.bundle.unit-test";
		};
		6C377B342703BC4300C02F34 /* RecipeeUITests */ = {
			isa = PBXNativeTarget;
			buildConfigurationList = 6C377B452703BC4300C02F34 /* Build configuration list for PBXNativeTarget "RecipeeUITests" */;
			buildPhases = (
				6C377B312703BC4300C02F34 /* Sources */,
				6C377B322703BC4300C02F34 /* Frameworks */,
				6C377B332703BC4300C02F34 /* Resources */,
			);
			buildRules = (
			);
			dependencies = (
				6C377B372703BC4300C02F34 /* PBXTargetDependency */,
			);
			name = RecipeeUITests;
			productName = RecipeeUITests;
			productReference = 6C377B352703BC4300C02F34 /* RecipeeUITests.xctest */;
			productType = "com.apple.product-type.bundle.ui-testing";
		};
/* End PBXNativeTarget section */

/* Begin PBXProject section */
		6C377B0E2703BC4200C02F34 /* Project object */ = {
			isa = PBXProject;
			attributes = {
				BuildIndependentTargetsInParallel = 1;
				LastSwiftUpdateCheck = 1300;
				LastUpgradeCheck = 1300;
				TargetAttributes = {
					6C377B152703BC4200C02F34 = {
						CreatedOnToolsVersion = 13.0;
					};
					6C377B2A2703BC4300C02F34 = {
						CreatedOnToolsVersion = 13.0;
						TestTargetID = 6C377B152703BC4200C02F34;
					};
					6C377B342703BC4300C02F34 = {
						CreatedOnToolsVersion = 13.0;
						TestTargetID = 6C377B152703BC4200C02F34;
					};
				};
			};
			buildConfigurationList = 6C377B112703BC4200C02F34 /* Build configuration list for PBXProject "Recipee" */;
			compatibilityVersion = "Xcode 13.0";
			developmentRegion = en;
			hasScannedForEncodings = 0;
			knownRegions = (
				en,
				Base,
			);
			mainGroup = 6C377B0D2703BC4200C02F34;
			productRefGroup = 6C377B172703BC4200C02F34 /* Products */;
			projectDirPath = "";
			projectRoot = "";
			targets = (
				6C377B152703BC4200C02F34 /* Recipee */,
				6C377B2A2703BC4300C02F34 /* RecipeeTests */,
				6C377B342703BC4300C02F34 /* RecipeeUITests */,
			);
		};
/* End PBXProject section */

/* Begin PBXResourcesBuildPhase section */
		6C377B142703BC4200C02F34 /* Resources */ = {
			isa = PBXResourcesBuildPhase;
			buildActionMask = 2147483647;
			files = (
				6C377B212703BC4200C02F34 /* Preview Assets.xcassets in Resources */,
				6C377B1E2703BC4200C02F34 /* Assets.xcassets in Resources */,
			);
			runOnlyForDeploymentPostprocessing = 0;
		};
		6C377B292703BC4300C02F34 /* Resources */ = {
			isa = PBXResourcesBuildPhase;
			buildActionMask = 2147483647;
			files = (
			);
			runOnlyForDeploymentPostprocessing = 0;
		};
		6C377B332703BC4300C02F34 /* Resources */ = {
			isa = PBXResourcesBuildPhase;
			buildActionMask = 2147483647;
			files = (
			);
			runOnlyForDeploymentPostprocessing = 0;
		};
/* End PBXResourcesBuildPhase section */

/* Begin PBXSourcesBuildPhase section */
		6C377B122703BC4200C02F34 /* Sources */ = {
			isa = PBXSourcesBuildPhase;
			buildActionMask = 2147483647;
			files = (
				6C5FDD5C27041B15003D8222 /* RoundedCorner.swift in Sources */,
				6C63AC98270C954F00180458 /* Binding + Optional.swift in Sources */,
				6C5FDD5E27041FBD003D8222 /* RecipeDetail.swift in Sources */,
				6C377B492703C16000C02F34 /* RecipeCell.swift in Sources */,
				6C377B232703BC4200C02F34 /* Persistence.swift in Sources */,
				6C377B4F2703C7A900C02F34 /* VisualEffectView.swift in Sources */,
				6C5FDD61270424ED003D8222 /* AddRecipe.swift in Sources */,
				6C377B262703BC4200C02F34 /* Recipee.xcdatamodeld in Sources */,
				6C377B1C2703BC4200C02F34 /* ContentView.swift in Sources */,
				6C377B1A2703BC4200C02F34 /* RecipeeApp.swift in Sources */,
				6C377B4D2703C2E000C02F34 /* Recipe+Image.swift in Sources */,
			);
			runOnlyForDeploymentPostprocessing = 0;
		};
		6C377B272703BC4300C02F34 /* Sources */ = {
			isa = PBXSourcesBuildPhase;
			buildActionMask = 2147483647;
			files = (
				6C377B302703BC4300C02F34 /* RecipeeTests.swift in Sources */,
			);
			runOnlyForDeploymentPostprocessing = 0;
		};
		6C377B312703BC4300C02F34 /* Sources */ = {
			isa = PBXSourcesBuildPhase;
			buildActionMask = 2147483647;
			files = (
				6C377B3C2703BC4300C02F34 /* RecipeeUITestsLaunchTests.swift in Sources */,
				6C377B3A2703BC4300C02F34 /* RecipeeUITests.swift in Sources */,
			);
			runOnlyForDeploymentPostprocessing = 0;
		};
/* End PBXSourcesBuildPhase section */

/* Begin PBXTargetDependency section */
		6C377B2D2703BC4300C02F34 /* PBXTargetDependency */ = {
			isa = PBXTargetDependency;
			target = 6C377B152703BC4200C02F34 /* Recipee */;
			targetProxy = 6C377B2C2703BC4300C02F34 /* PBXContainerItemProxy */;
		};
		6C377B372703BC4300C02F34 /* PBXTargetDependency */ = {
			isa = PBXTargetDependency;
			target = 6C377B152703BC4200C02F34 /* Recipee */;
			targetProxy = 6C377B362703BC4300C02F34 /* PBXContainerItemProxy */;
		};
/* End PBXTargetDependency section */

/* Begin XCBuildConfiguration section */
		6C377B3D2703BC4300C02F34 /* Debug */ = {
			isa = XCBuildConfiguration;
			buildSettings = {
				ALWAYS_SEARCH_USER_PATHS = NO;
				CLANG_ANALYZER_NONNULL = YES;
				CLANG_ANALYZER_NUMBER_OBJECT_CONVERSION = YES_AGGRESSIVE;
				CLANG_CXX_LANGUAGE_STANDARD = "gnu++17";
				CLANG_CXX_LIBRARY = "libc++";
				CLANG_ENABLE_MODULES = YES;
				CLANG_ENABLE_OBJC_ARC = YES;
				CLANG_ENABLE_OBJC_WEAK = YES;
				CLANG_WARN_BLOCK_CAPTURE_AUTORELEASING = YES;
				CLANG_WARN_BOOL_CONVERSION = YES;
				CLANG_WARN_COMMA = YES;
				CLANG_WARN_CONSTANT_CONVERSION = YES;
				CLANG_WARN_DEPRECATED_OBJC_IMPLEMENTATIONS = YES;
				CLANG_WARN_DIRECT_OBJC_ISA_USAGE = YES_ERROR;
				CLANG_WARN_DOCUMENTATION_COMMENTS = YES;
				CLANG_WARN_EMPTY_BODY = YES;
				CLANG_WARN_ENUM_CONVERSION = YES;
				CLANG_WARN_INFINITE_RECURSION = YES;
				CLANG_WARN_INT_CONVERSION = YES;
				CLANG_WARN_NON_LITERAL_NULL_CONVERSION = YES;
				CLANG_WARN_OBJC_IMPLICIT_RETAIN_SELF = YES;
				CLANG_WARN_OBJC_LITERAL_CONVERSION = YES;
				CLANG_WARN_OBJC_ROOT_CLASS = YES_ERROR;
				CLANG_WARN_QUOTED_INCLUDE_IN_FRAMEWORK_HEADER = YES;
				CLANG_WARN_RANGE_LOOP_ANALYSIS = YES;
				CLANG_WARN_STRICT_PROTOTYPES = YES;
				CLANG_WARN_SUSPICIOUS_MOVE = YES;
				CLANG_WARN_UNGUARDED_AVAILABILITY = YES_AGGRESSIVE;
				CLANG_WARN_UNREACHABLE_CODE = YES;
				CLANG_WARN__DUPLICATE_METHOD_MATCH = YES;
				COPY_PHASE_STRIP = NO;
				DEBUG_INFORMATION_FORMAT = dwarf;
				ENABLE_STRICT_OBJC_MSGSEND = YES;
				ENABLE_TESTABILITY = YES;
				GCC_C_LANGUAGE_STANDARD = gnu11;
				GCC_DYNAMIC_NO_PIC = NO;
				GCC_NO_COMMON_BLOCKS = YES;
				GCC_OPTIMIZATION_LEVEL = 0;
				GCC_PREPROCESSOR_DEFINITIONS = (
					"DEBUG=1",
					"$(inherited)",
				);
				GCC_WARN_64_TO_32_BIT_CONVERSION = YES;
				GCC_WARN_ABOUT_RETURN_TYPE = YES_ERROR;
				GCC_WARN_UNDECLARED_SELECTOR = YES;
				GCC_WARN_UNINITIALIZED_AUTOS = YES_AGGRESSIVE;
				GCC_WARN_UNUSED_FUNCTION = YES;
				GCC_WARN_UNUSED_VARIABLE = YES;
				IPHONEOS_DEPLOYMENT_TARGET = 15.0;
				MTL_ENABLE_DEBUG_INFO = INCLUDE_SOURCE;
				MTL_FAST_MATH = YES;
				ONLY_ACTIVE_ARCH = YES;
				SDKROOT = iphoneos;
				SWIFT_ACTIVE_COMPILATION_CONDITIONS = DEBUG;
				SWIFT_OPTIMIZATION_LEVEL = "-Onone";
			};
			name = Debug;
		};
		6C377B3E2703BC4300C02F34 /* Release */ = {
			isa = XCBuildConfiguration;
			buildSettings = {
				ALWAYS_SEARCH_USER_PATHS = NO;
				CLANG_ANALYZER_NONNULL = YES;
				CLANG_ANALYZER_NUMBER_OBJECT_CONVERSION = YES_AGGRESSIVE;
				CLANG_CXX_LANGUAGE_STANDARD = "gnu++17";
				CLANG_CXX_LIBRARY = "libc++";
				CLANG_ENABLE_MODULES = YES;
				CLANG_ENABLE_OBJC_ARC = YES;
				CLANG_ENABLE_OBJC_WEAK = YES;
				CLANG_WARN_BLOCK_CAPTURE_AUTORELEASING = YES;
				CLANG_WARN_BOOL_CONVERSION = YES;
				CLANG_WARN_COMMA = YES;
				CLANG_WARN_CONSTANT_CONVERSION = YES;
				CLANG_WARN_DEPRECATED_OBJC_IMPLEMENTATIONS = YES;
				CLANG_WARN_DIRECT_OBJC_ISA_USAGE = YES_ERROR;
				CLANG_WARN_DOCUMENTATION_COMMENTS = YES;
				CLANG_WARN_EMPTY_BODY = YES;
				CLANG_WARN_ENUM_CONVERSION = YES;
				CLANG_WARN_INFINITE_RECURSION = YES;
				CLANG_WARN_INT_CONVERSION = YES;
				CLANG_WARN_NON_LITERAL_NULL_CONVERSION = YES;
				CLANG_WARN_OBJC_IMPLICIT_RETAIN_SELF = YES;
				CLANG_WARN_OBJC_LITERAL_CONVERSION = YES;
				CLANG_WARN_OBJC_ROOT_CLASS = YES_ERROR;
				CLANG_WARN_QUOTED_INCLUDE_IN_FRAMEWORK_HEADER = YES;
				CLANG_WARN_RANGE_LOOP_ANALYSIS = YES;
				CLANG_WARN_STRICT_PROTOTYPES = YES;
				CLANG_WARN_SUSPICIOUS_MOVE = YES;
				CLANG_WARN_UNGUARDED_AVAILABILITY = YES_AGGRESSIVE;
				CLANG_WARN_UNREACHABLE_CODE = YES;
				CLANG_WARN__DUPLICATE_METHOD_MATCH = YES;
				COPY_PHASE_STRIP = NO;
				DEBUG_INFORMATION_FORMAT = "dwarf-with-dsym";
				ENABLE_NS_ASSERTIONS = NO;
				ENABLE_STRICT_OBJC_MSGSEND = YES;
				GCC_C_LANGUAGE_STANDARD = gnu11;
				GCC_NO_COMMON_BLOCKS = YES;
				GCC_WARN_64_TO_32_BIT_CONVERSION = YES;
				GCC_WARN_ABOUT_RETURN_TYPE = YES_ERROR;
				GCC_WARN_UNDECLARED_SELECTOR = YES;
				GCC_WARN_UNINITIALIZED_AUTOS = YES_AGGRESSIVE;
				GCC_WARN_UNUSED_FUNCTION = YES;
				GCC_WARN_UNUSED_VARIABLE = YES;
				IPHONEOS_DEPLOYMENT_TARGET = 15.0;
				MTL_ENABLE_DEBUG_INFO = NO;
				MTL_FAST_MATH = YES;
				SDKROOT = iphoneos;
				SWIFT_COMPILATION_MODE = wholemodule;
				SWIFT_OPTIMIZATION_LEVEL = "-O";
				VALIDATE_PRODUCT = YES;
			};
			name = Release;
		};
		6C377B402703BC4300C02F34 /* Debug */ = {
			isa = XCBuildConfiguration;
			buildSettings = {
				ASSETCATALOG_COMPILER_APPICON_NAME = AppIcon;
				ASSETCATALOG_COMPILER_GLOBAL_ACCENT_COLOR_NAME = AccentColor;
				CODE_SIGN_STYLE = Automatic;
				CURRENT_PROJECT_VERSION = 1;
				DEVELOPMENT_ASSET_PATHS = "\"Recipee/Preview Content\"";
				DEVELOPMENT_TEAM = 7DAW426J6S;
				ENABLE_PREVIEWS = YES;
				GENERATE_INFOPLIST_FILE = YES;
				INFOPLIST_KEY_UIApplicationSceneManifest_Generation = YES;
				INFOPLIST_KEY_UIApplicationSupportsIndirectInputEvents = YES;
				INFOPLIST_KEY_UILaunchScreen_Generation = YES;
				INFOPLIST_KEY_UISupportedInterfaceOrientations_iPad = "UIInterfaceOrientationPortrait UIInterfaceOrientationPortraitUpsideDown UIInterfaceOrientationLandscapeLeft UIInterfaceOrientationLandscapeRight";
				INFOPLIST_KEY_UISupportedInterfaceOrientations_iPhone = "UIInterfaceOrientationPortrait UIInterfaceOrientationLandscapeLeft UIInterfaceOrientationLandscapeRight";
				IPHONEOS_DEPLOYMENT_TARGET = 14.0;
				LD_RUNPATH_SEARCH_PATHS = (
					"$(inherited)",
					"@executable_path/Frameworks",
				);
				MARKETING_VERSION = 1.0;
				PRODUCT_BUNDLE_IDENTIFIER = com.WindChillMedia.Recipee;
				PRODUCT_NAME = "$(TARGET_NAME)";
				SWIFT_EMIT_LOC_STRINGS = YES;
				SWIFT_VERSION = 5.0;
				TARGETED_DEVICE_FAMILY = "1,2";
			};
			name = Debug;
		};
		6C377B412703BC4300C02F34 /* Release */ = {
			isa = XCBuildConfiguration;
			buildSettings = {
				ASSETCATALOG_COMPILER_APPICON_NAME = AppIcon;
				ASSETCATALOG_COMPILER_GLOBAL_ACCENT_COLOR_NAME = AccentColor;
				CODE_SIGN_STYLE = Automatic;
				CURRENT_PROJECT_VERSION = 1;
				DEVELOPMENT_ASSET_PATHS = "\"Recipee/Preview Content\"";
				DEVELOPMENT_TEAM = 7DAW426J6S;
				ENABLE_PREVIEWS = YES;
				GENERATE_INFOPLIST_FILE = YES;
				INFOPLIST_KEY_UIApplicationSceneManifest_Generation = YES;
				INFOPLIST_KEY_UIApplicationSupportsIndirectInputEvents = YES;
				INFOPLIST_KEY_UILaunchScreen_Generation = YES;
				INFOPLIST_KEY_UISupportedInterfaceOrientations_iPad = "UIInterfaceOrientationPortrait UIInterfaceOrientationPortraitUpsideDown UIInterfaceOrientationLandscapeLeft UIInterfaceOrientationLandscapeRight";
				INFOPLIST_KEY_UISupportedInterfaceOrientations_iPhone = "UIInterfaceOrientationPortrait UIInterfaceOrientationLandscapeLeft UIInterfaceOrientationLandscapeRight";
				IPHONEOS_DEPLOYMENT_TARGET = 14.0;
				LD_RUNPATH_SEARCH_PATHS = (
					"$(inherited)",
					"@executable_path/Frameworks",
				);
				MARKETING_VERSION = 1.0;
				PRODUCT_BUNDLE_IDENTIFIER = com.WindChillMedia.Recipee;
				PRODUCT_NAME = "$(TARGET_NAME)";
				SWIFT_EMIT_LOC_STRINGS = YES;
				SWIFT_VERSION = 5.0;
				TARGETED_DEVICE_FAMILY = "1,2";
			};
			name = Release;
		};
		6C377B432703BC4300C02F34 /* Debug */ = {
			isa = XCBuildConfiguration;
			buildSettings = {
				ALWAYS_EMBED_SWIFT_STANDARD_LIBRARIES = YES;
				BUNDLE_LOADER = "$(TEST_HOST)";
				CODE_SIGN_STYLE = Automatic;
				CURRENT_PROJECT_VERSION = 1;
				DEVELOPMENT_TEAM = 7DAW426J6S;
				GENERATE_INFOPLIST_FILE = YES;
				IPHONEOS_DEPLOYMENT_TARGET = 14.0;
				LD_RUNPATH_SEARCH_PATHS = (
					"$(inherited)",
					"@executable_path/Frameworks",
					"@loader_path/Frameworks",
				);
				MARKETING_VERSION = 1.0;
				PRODUCT_BUNDLE_IDENTIFIER = com.WindChillMedia.RecipeeTests;
				PRODUCT_NAME = "$(TARGET_NAME)";
				SWIFT_EMIT_LOC_STRINGS = NO;
				SWIFT_VERSION = 5.0;
				TARGETED_DEVICE_FAMILY = "1,2";
				TEST_HOST = "$(BUILT_PRODUCTS_DIR)/Recipee.app/Recipee";
			};
			name = Debug;
		};
		6C377B442703BC4300C02F34 /* Release */ = {
			isa = XCBuildConfiguration;
			buildSettings = {
				ALWAYS_EMBED_SWIFT_STANDARD_LIBRARIES = YES;
				BUNDLE_LOADER = "$(TEST_HOST)";
				CODE_SIGN_STYLE = Automatic;
				CURRENT_PROJECT_VERSION = 1;
				DEVELOPMENT_TEAM = 7DAW426J6S;
				GENERATE_INFOPLIST_FILE = YES;
				IPHONEOS_DEPLOYMENT_TARGET = 14.0;
				LD_RUNPATH_SEARCH_PATHS = (
					"$(inherited)",
					"@executable_path/Frameworks",
					"@loader_path/Frameworks",
				);
				MARKETING_VERSION = 1.0;
				PRODUCT_BUNDLE_IDENTIFIER = com.WindChillMedia.RecipeeTests;
				PRODUCT_NAME = "$(TARGET_NAME)";
				SWIFT_EMIT_LOC_STRINGS = NO;
				SWIFT_VERSION = 5.0;
				TARGETED_DEVICE_FAMILY = "1,2";
				TEST_HOST = "$(BUILT_PRODUCTS_DIR)/Recipee.app/Recipee";
			};
			name = Release;
		};
		6C377B462703BC4300C02F34 /* Debug */ = {
			isa = XCBuildConfiguration;
			buildSettings = {
				ALWAYS_EMBED_SWIFT_STANDARD_LIBRARIES = YES;
				CODE_SIGN_STYLE = Automatic;
				CURRENT_PROJECT_VERSION = 1;
				DEVELOPMENT_TEAM = 7DAW426J6S;
				GENERATE_INFOPLIST_FILE = YES;
				LD_RUNPATH_SEARCH_PATHS = (
					"$(inherited)",
					"@executable_path/Frameworks",
					"@loader_path/Frameworks",
				);
				MARKETING_VERSION = 1.0;
				PRODUCT_BUNDLE_IDENTIFIER = com.WindChillMedia.RecipeeUITests;
				PRODUCT_NAME = "$(TARGET_NAME)";
				SWIFT_EMIT_LOC_STRINGS = NO;
				SWIFT_VERSION = 5.0;
				TARGETED_DEVICE_FAMILY = "1,2";
				TEST_TARGET_NAME = Recipee;
			};
			name = Debug;
		};
		6C377B472703BC4300C02F34 /* Release */ = {
			isa = XCBuildConfiguration;
			buildSettings = {
				ALWAYS_EMBED_SWIFT_STANDARD_LIBRARIES = YES;
				CODE_SIGN_STYLE = Automatic;
				CURRENT_PROJECT_VERSION = 1;
				DEVELOPMENT_TEAM = 7DAW426J6S;
				GENERATE_INFOPLIST_FILE = YES;
				LD_RUNPATH_SEARCH_PATHS = (
					"$(inherited)",
					"@executable_path/Frameworks",
					"@loader_path/Frameworks",
				);
				MARKETING_VERSION = 1.0;
				PRODUCT_BUNDLE_IDENTIFIER = com.WindChillMedia.RecipeeUITests;
				PRODUCT_NAME = "$(TARGET_NAME)";
				SWIFT_EMIT_LOC_STRINGS = NO;
				SWIFT_VERSION = 5.0;
				TARGETED_DEVICE_FAMILY = "1,2";
				TEST_TARGET_NAME = Recipee;
			};
			name = Release;
		};
/* End XCBuildConfiguration section */

/* Begin XCConfigurationList section */
		6C377B112703BC4200C02F34 /* Build configuration list for PBXProject "Recipee" */ = {
			isa = XCConfigurationList;
			buildConfigurations = (
				6C377B3D2703BC4300C02F34 /* Debug */,
				6C377B3E2703BC4300C02F34 /* Release */,
			);
			defaultConfigurationIsVisible = 0;
			defaultConfigurationName = Release;
		};
		6C377B3F2703BC4300C02F34 /* Build configuration list for PBXNativeTarget "Recipee" */ = {
			isa = XCConfigurationList;
			buildConfigurations = (
				6C377B402703BC4300C02F34 /* Debug */,
				6C377B412703BC4300C02F34 /* Release */,
			);
			defaultConfigurationIsVisible = 0;
			defaultConfigurationName = Release;
		};
		6C377B422703BC4300C02F34 /* Build configuration list for PBXNativeTarget "RecipeeTests" */ = {
			isa = XCConfigurationList;
			buildConfigurations = (
				6C377B432703BC4300C02F34 /* Debug */,
				6C377B442703BC4300C02F34 /* Release */,
			);
			defaultConfigurationIsVisible = 0;
			defaultConfigurationName = Release;
		};
		6C377B452703BC4300C02F34 /* Build configuration list for PBXNativeTarget "RecipeeUITests" */ = {
			isa = XCConfigurationList;
			buildConfigurations = (
				6C377B462703BC4300C02F34 /* Debug */,
				6C377B472703BC4300C02F34 /* Release */,
			);
			defaultConfigurationIsVisible = 0;
			defaultConfigurationName = Release;
		};
/* End XCConfigurationList section */

/* Begin XCVersionGroup section */
		6C377B242703BC4200C02F34 /* Recipee.xcdatamodeld */ = {
			isa = XCVersionGroup;
			children = (
				6C377B252703BC4200C02F34 /* Recipee.xcdatamodel */,
			);
			currentVersion = 6C377B252703BC4200C02F34 /* Recipee.xcdatamodel */;
			path = Recipee.xcdatamodeld;
			sourceTree = "<group>";
			versionGroupType = wrapper.xcdatamodel;
		};
/* End XCVersionGroup section */
	};
	rootObject = 6C377B0E2703BC4200C02F34 /* Project object */;
}
